// !$*UTF8*$!
{
	archiveVersion = 1;
	classes = {
	};
	objectVersion = 56;
	objects = {

/* Begin PBXBuildFile section */
		7A8ADC2E2C5A4764004A1A69 /* JuncookApp.swift in Sources */ = {isa = PBXBuildFile; fileRef = 7A8ADC2D2C5A4764004A1A69 /* JuncookApp.swift */; };
		7A8ADC302C5A4764004A1A69 /* ContentView.swift in Sources */ = {isa = PBXBuildFile; fileRef = 7A8ADC2F2C5A4764004A1A69 /* ContentView.swift */; };
		7A8ADC322C5A4766004A1A69 /* Assets.xcassets in Resources */ = {isa = PBXBuildFile; fileRef = 7A8ADC312C5A4766004A1A69 /* Assets.xcassets */; };
		7A8ADC352C5A4766004A1A69 /* Preview Assets.xcassets in Resources */ = {isa = PBXBuildFile; fileRef = 7A8ADC342C5A4766004A1A69 /* Preview Assets.xcassets */; };
		7A8ADC3F2C5A4766004A1A69 /* JuncookTests.swift in Sources */ = {isa = PBXBuildFile; fileRef = 7A8ADC3E2C5A4766004A1A69 /* JuncookTests.swift */; };
		7A8ADC492C5A4766004A1A69 /* JuncookUITests.swift in Sources */ = {isa = PBXBuildFile; fileRef = 7A8ADC482C5A4766004A1A69 /* JuncookUITests.swift */; };
		7A8ADC4B2C5A4766004A1A69 /* JuncookUITestsLaunchTests.swift in Sources */ = {isa = PBXBuildFile; fileRef = 7A8ADC4A2C5A4766004A1A69 /* JuncookUITestsLaunchTests.swift */; };
		7A8ADC592C5A47BD004A1A69 /* CameraPreview.swift in Sources */ = {isa = PBXBuildFile; fileRef = 7A8ADC582C5A47BD004A1A69 /* CameraPreview.swift */; };
		7A8ADC5B2C5A7F37004A1A69 /* CameraManager.swift in Sources */ = {isa = PBXBuildFile; fileRef = 7A8ADC5A2C5A7F37004A1A69 /* CameraManager.swift */; };
		7A8ADC5D2C5A840C004A1A69 /* CameraViewModel.swift in Sources */ = {isa = PBXBuildFile; fileRef = 7A8ADC5C2C5A840C004A1A69 /* CameraViewModel.swift */; };
		7A8ADC5F2C5A84FC004A1A69 /* CameraView.swift in Sources */ = {isa = PBXBuildFile; fileRef = 7A8ADC5E2C5A84FC004A1A69 /* CameraView.swift */; };
/* End PBXBuildFile section */

/* Begin PBXContainerItemProxy section */
		7A8ADC3B2C5A4766004A1A69 /* PBXContainerItemProxy */ = {
			isa = PBXContainerItemProxy;
			containerPortal = 7A8ADC222C5A4764004A1A69 /* Project object */;
			proxyType = 1;
			remoteGlobalIDString = 7A8ADC292C5A4764004A1A69;
			remoteInfo = Juncook;
		};
		7A8ADC452C5A4766004A1A69 /* PBXContainerItemProxy */ = {
			isa = PBXContainerItemProxy;
			containerPortal = 7A8ADC222C5A4764004A1A69 /* Project object */;
			proxyType = 1;
			remoteGlobalIDString = 7A8ADC292C5A4764004A1A69;
			remoteInfo = Juncook;
		};
/* End PBXContainerItemProxy section */

/* Begin PBXFileReference section */
		7A8ADC2A2C5A4764004A1A69 /* Juncook.app */ = {isa = PBXFileReference; explicitFileType = wrapper.application; includeInIndex = 0; path = Juncook.app; sourceTree = BUILT_PRODUCTS_DIR; };
		7A8ADC2D2C5A4764004A1A69 /* JuncookApp.swift */ = {isa = PBXFileReference; lastKnownFileType = sourcecode.swift; path = JuncookApp.swift; sourceTree = "<group>"; };
		7A8ADC2F2C5A4764004A1A69 /* ContentView.swift */ = {isa = PBXFileReference; lastKnownFileType = sourcecode.swift; path = ContentView.swift; sourceTree = "<group>"; };
		7A8ADC312C5A4766004A1A69 /* Assets.xcassets */ = {isa = PBXFileReference; lastKnownFileType = folder.assetcatalog; path = Assets.xcassets; sourceTree = "<group>"; };
		7A8ADC342C5A4766004A1A69 /* Preview Assets.xcassets */ = {isa = PBXFileReference; lastKnownFileType = folder.assetcatalog; path = "Preview Assets.xcassets"; sourceTree = "<group>"; };
		7A8ADC3A2C5A4766004A1A69 /* JuncookTests.xctest */ = {isa = PBXFileReference; explicitFileType = wrapper.cfbundle; includeInIndex = 0; path = JuncookTests.xctest; sourceTree = BUILT_PRODUCTS_DIR; };
		7A8ADC3E2C5A4766004A1A69 /* JuncookTests.swift */ = {isa = PBXFileReference; lastKnownFileType = sourcecode.swift; path = JuncookTests.swift; sourceTree = "<group>"; };
		7A8ADC442C5A4766004A1A69 /* JuncookUITests.xctest */ = {isa = PBXFileReference; explicitFileType = wrapper.cfbundle; includeInIndex = 0; path = JuncookUITests.xctest; sourceTree = BUILT_PRODUCTS_DIR; };
		7A8ADC482C5A4766004A1A69 /* JuncookUITests.swift */ = {isa = PBXFileReference; lastKnownFileType = sourcecode.swift; path = JuncookUITests.swift; sourceTree = "<group>"; };
		7A8ADC4A2C5A4766004A1A69 /* JuncookUITestsLaunchTests.swift */ = {isa = PBXFileReference; lastKnownFileType = sourcecode.swift; path = JuncookUITestsLaunchTests.swift; sourceTree = "<group>"; };
		7A8ADC582C5A47BD004A1A69 /* CameraPreview.swift */ = {isa = PBXFileReference; lastKnownFileType = sourcecode.swift; path = CameraPreview.swift; sourceTree = "<group>"; };
		7A8ADC5A2C5A7F37004A1A69 /* CameraManager.swift */ = {isa = PBXFileReference; lastKnownFileType = sourcecode.swift; path = CameraManager.swift; sourceTree = "<group>"; };
		7A8ADC5C2C5A840C004A1A69 /* CameraViewModel.swift */ = {isa = PBXFileReference; lastKnownFileType = sourcecode.swift; path = CameraViewModel.swift; sourceTree = "<group>"; };
		7A8ADC5E2C5A84FC004A1A69 /* CameraView.swift */ = {isa = PBXFileReference; lastKnownFileType = sourcecode.swift; path = CameraView.swift; sourceTree = "<group>"; };
/* End PBXFileReference section */

/* Begin PBXFrameworksBuildPhase section */
		7A8ADC272C5A4764004A1A69 /* Frameworks */ = {
			isa = PBXFrameworksBuildPhase;
			buildActionMask = 2147483647;
			files = (
			);
			runOnlyForDeploymentPostprocessing = 0;
		};
		7A8ADC372C5A4766004A1A69 /* Frameworks */ = {
			isa = PBXFrameworksBuildPhase;
			buildActionMask = 2147483647;
			files = (
			);
			runOnlyForDeploymentPostprocessing = 0;
		};
		7A8ADC412C5A4766004A1A69 /* Frameworks */ = {
			isa = PBXFrameworksBuildPhase;
			buildActionMask = 2147483647;
			files = (
			);
			runOnlyForDeploymentPostprocessing = 0;
		};
/* End PBXFrameworksBuildPhase section */

/* Begin PBXGroup section */
		7A8ADC212C5A4764004A1A69 = {
			isa = PBXGroup;
			children = (
				7A8ADC2C2C5A4764004A1A69 /* Juncook */,
				7A8ADC3D2C5A4766004A1A69 /* JuncookTests */,
				7A8ADC472C5A4766004A1A69 /* JuncookUITests */,
				7A8ADC2B2C5A4764004A1A69 /* Products */,
			);
			sourceTree = "<group>";
		};
		7A8ADC2B2C5A4764004A1A69 /* Products */ = {
			isa = PBXGroup;
			children = (
				7A8ADC2A2C5A4764004A1A69 /* Juncook.app */,
				7A8ADC3A2C5A4766004A1A69 /* JuncookTests.xctest */,
				7A8ADC442C5A4766004A1A69 /* JuncookUITests.xctest */,
			);
			name = Products;
			sourceTree = "<group>";
		};
		7A8ADC2C2C5A4764004A1A69 /* Juncook */ = {
			isa = PBXGroup;
			children = (
				7A8ADC572C5A47A7004A1A69 /* camera */,
				7A8ADC2D2C5A4764004A1A69 /* JuncookApp.swift */,
				7A8ADC2F2C5A4764004A1A69 /* ContentView.swift */,
				7A8ADC312C5A4766004A1A69 /* Assets.xcassets */,
				7A8ADC332C5A4766004A1A69 /* Preview Content */,
			);
			path = Juncook;
			sourceTree = "<group>";
		};
		7A8ADC332C5A4766004A1A69 /* Preview Content */ = {
			isa = PBXGroup;
			children = (
				7A8ADC342C5A4766004A1A69 /* Preview Assets.xcassets */,
			);
			path = "Preview Content";
			sourceTree = "<group>";
		};
		7A8ADC3D2C5A4766004A1A69 /* JuncookTests */ = {
			isa = PBXGroup;
			children = (
				7A8ADC3E2C5A4766004A1A69 /* JuncookTests.swift */,
			);
			path = JuncookTests;
			sourceTree = "<group>";
		};
		7A8ADC472C5A4766004A1A69 /* JuncookUITests */ = {
			isa = PBXGroup;
			children = (
				7A8ADC482C5A4766004A1A69 /* JuncookUITests.swift */,
				7A8ADC4A2C5A4766004A1A69 /* JuncookUITestsLaunchTests.swift */,
			);
			path = JuncookUITests;
			sourceTree = "<group>";
		};
		7A8ADC572C5A47A7004A1A69 /* camera */ = {
			isa = PBXGroup;
			children = (
				7A8ADC582C5A47BD004A1A69 /* CameraPreview.swift */,
				7A8ADC5A2C5A7F37004A1A69 /* CameraManager.swift */,
				7A8ADC5C2C5A840C004A1A69 /* CameraViewModel.swift */,
				7A8ADC5E2C5A84FC004A1A69 /* CameraView.swift */,
			);
			path = camera;
			sourceTree = "<group>";
		};
/* End PBXGroup section */

/* Begin PBXNativeTarget section */
		7A8ADC292C5A4764004A1A69 /* Juncook */ = {
			isa = PBXNativeTarget;
			buildConfigurationList = 7A8ADC4E2C5A4766004A1A69 /* Build configuration list for PBXNativeTarget "Juncook" */;
			buildPhases = (
				7A8ADC262C5A4764004A1A69 /* Sources */,
				7A8ADC272C5A4764004A1A69 /* Frameworks */,
				7A8ADC282C5A4764004A1A69 /* Resources */,
			);
			buildRules = (
			);
			dependencies = (
			);
			name = Juncook;
			productName = Juncook;
			productReference = 7A8ADC2A2C5A4764004A1A69 /* Juncook.app */;
			productType = "com.apple.product-type.application";
		};
		7A8ADC392C5A4766004A1A69 /* JuncookTests */ = {
			isa = PBXNativeTarget;
			buildConfigurationList = 7A8ADC512C5A4766004A1A69 /* Build configuration list for PBXNativeTarget "JuncookTests" */;
			buildPhases = (
				7A8ADC362C5A4766004A1A69 /* Sources */,
				7A8ADC372C5A4766004A1A69 /* Frameworks */,
				7A8ADC382C5A4766004A1A69 /* Resources */,
			);
			buildRules = (
			);
			dependencies = (
				7A8ADC3C2C5A4766004A1A69 /* PBXTargetDependency */,
			);
			name = JuncookTests;
			productName = JuncookTests;
			productReference = 7A8ADC3A2C5A4766004A1A69 /* JuncookTests.xctest */;
			productType = "com.apple.product-type.bundle.unit-test";
		};
		7A8ADC432C5A4766004A1A69 /* JuncookUITests */ = {
			isa = PBXNativeTarget;
			buildConfigurationList = 7A8ADC542C5A4766004A1A69 /* Build configuration list for PBXNativeTarget "JuncookUITests" */;
			buildPhases = (
				7A8ADC402C5A4766004A1A69 /* Sources */,
				7A8ADC412C5A4766004A1A69 /* Frameworks */,
				7A8ADC422C5A4766004A1A69 /* Resources */,
			);
			buildRules = (
			);
			dependencies = (
				7A8ADC462C5A4766004A1A69 /* PBXTargetDependency */,
			);
			name = JuncookUITests;
			productName = JuncookUITests;
			productReference = 7A8ADC442C5A4766004A1A69 /* JuncookUITests.xctest */;
			productType = "com.apple.product-type.bundle.ui-testing";
		};
/* End PBXNativeTarget section */

/* Begin PBXProject section */
		7A8ADC222C5A4764004A1A69 /* Project object */ = {
			isa = PBXProject;
			attributes = {
				BuildIndependentTargetsInParallel = 1;
				LastSwiftUpdateCheck = 1540;
				LastUpgradeCheck = 1540;
				TargetAttributes = {
					7A8ADC292C5A4764004A1A69 = {
						CreatedOnToolsVersion = 15.4;
					};
					7A8ADC392C5A4766004A1A69 = {
						CreatedOnToolsVersion = 15.4;
						TestTargetID = 7A8ADC292C5A4764004A1A69;
					};
					7A8ADC432C5A4766004A1A69 = {
						CreatedOnToolsVersion = 15.4;
						TestTargetID = 7A8ADC292C5A4764004A1A69;
					};
				};
			};
			buildConfigurationList = 7A8ADC252C5A4764004A1A69 /* Build configuration list for PBXProject "Juncook" */;
			compatibilityVersion = "Xcode 14.0";
			developmentRegion = en;
			hasScannedForEncodings = 0;
			knownRegions = (
				en,
				Base,
			);
			mainGroup = 7A8ADC212C5A4764004A1A69;
			productRefGroup = 7A8ADC2B2C5A4764004A1A69 /* Products */;
			projectDirPath = "";
			projectRoot = "";
			targets = (
				7A8ADC292C5A4764004A1A69 /* Juncook */,
				7A8ADC392C5A4766004A1A69 /* JuncookTests */,
				7A8ADC432C5A4766004A1A69 /* JuncookUITests */,
			);
		};
/* End PBXProject section */

/* Begin PBXResourcesBuildPhase section */
		7A8ADC282C5A4764004A1A69 /* Resources */ = {
			isa = PBXResourcesBuildPhase;
			buildActionMask = 2147483647;
			files = (
				7A8ADC352C5A4766004A1A69 /* Preview Assets.xcassets in Resources */,
				7A8ADC322C5A4766004A1A69 /* Assets.xcassets in Resources */,
			);
			runOnlyForDeploymentPostprocessing = 0;
		};
		7A8ADC382C5A4766004A1A69 /* Resources */ = {
			isa = PBXResourcesBuildPhase;
			buildActionMask = 2147483647;
			files = (
			);
			runOnlyForDeploymentPostprocessing = 0;
		};
		7A8ADC422C5A4766004A1A69 /* Resources */ = {
			isa = PBXResourcesBuildPhase;
			buildActionMask = 2147483647;
			files = (
			);
			runOnlyForDeploymentPostprocessing = 0;
		};
/* End PBXResourcesBuildPhase section */

/* Begin PBXSourcesBuildPhase section */
		7A8ADC262C5A4764004A1A69 /* Sources */ = {
			isa = PBXSourcesBuildPhase;
			buildActionMask = 2147483647;
			files = (
				7A8ADC592C5A47BD004A1A69 /* CameraPreview.swift in Sources */,
				7A8ADC302C5A4764004A1A69 /* ContentView.swift in Sources */,
				7A8ADC5B2C5A7F37004A1A69 /* CameraManager.swift in Sources */,
				7A8ADC5F2C5A84FC004A1A69 /* CameraView.swift in Sources */,
				7A8ADC5D2C5A840C004A1A69 /* CameraViewModel.swift in Sources */,
				7A8ADC2E2C5A4764004A1A69 /* JuncookApp.swift in Sources */,
			);
			runOnlyForDeploymentPostprocessing = 0;
		};
		7A8ADC362C5A4766004A1A69 /* Sources */ = {
			isa = PBXSourcesBuildPhase;
			buildActionMask = 2147483647;
			files = (
				7A8ADC3F2C5A4766004A1A69 /* JuncookTests.swift in Sources */,
			);
			runOnlyForDeploymentPostprocessing = 0;
		};
		7A8ADC402C5A4766004A1A69 /* Sources */ = {
			isa = PBXSourcesBuildPhase;
			buildActionMask = 2147483647;
			files = (
				7A8ADC4B2C5A4766004A1A69 /* JuncookUITestsLaunchTests.swift in Sources */,
				7A8ADC492C5A4766004A1A69 /* JuncookUITests.swift in Sources */,
			);
			runOnlyForDeploymentPostprocessing = 0;
		};
/* End PBXSourcesBuildPhase section */

/* Begin PBXTargetDependency section */
		7A8ADC3C2C5A4766004A1A69 /* PBXTargetDependency */ = {
			isa = PBXTargetDependency;
			target = 7A8ADC292C5A4764004A1A69 /* Juncook */;
			targetProxy = 7A8ADC3B2C5A4766004A1A69 /* PBXContainerItemProxy */;
		};
		7A8ADC462C5A4766004A1A69 /* PBXTargetDependency */ = {
			isa = PBXTargetDependency;
			target = 7A8ADC292C5A4764004A1A69 /* Juncook */;
			targetProxy = 7A8ADC452C5A4766004A1A69 /* PBXContainerItemProxy */;
		};
/* End PBXTargetDependency section */

/* Begin XCBuildConfiguration section */
		7A8ADC4C2C5A4766004A1A69 /* Debug */ = {
			isa = XCBuildConfiguration;
			buildSettings = {
				ALWAYS_SEARCH_USER_PATHS = NO;
				ASSETCATALOG_COMPILER_GENERATE_SWIFT_ASSET_SYMBOL_EXTENSIONS = YES;
				CLANG_ANALYZER_NONNULL = YES;
				CLANG_ANALYZER_NUMBER_OBJECT_CONVERSION = YES_AGGRESSIVE;
				CLANG_CXX_LANGUAGE_STANDARD = "gnu++20";
				CLANG_ENABLE_MODULES = YES;
				CLANG_ENABLE_OBJC_ARC = YES;
				CLANG_ENABLE_OBJC_WEAK = YES;
				CLANG_WARN_BLOCK_CAPTURE_AUTORELEASING = YES;
				CLANG_WARN_BOOL_CONVERSION = YES;
				CLANG_WARN_COMMA = YES;
				CLANG_WARN_CONSTANT_CONVERSION = YES;
				CLANG_WARN_DEPRECATED_OBJC_IMPLEMENTATIONS = YES;
				CLANG_WARN_DIRECT_OBJC_ISA_USAGE = YES_ERROR;
				CLANG_WARN_DOCUMENTATION_COMMENTS = YES;
				CLANG_WARN_EMPTY_BODY = YES;
				CLANG_WARN_ENUM_CONVERSION = YES;
				CLANG_WARN_INFINITE_RECURSION = YES;
				CLANG_WARN_INT_CONVERSION = YES;
				CLANG_WARN_NON_LITERAL_NULL_CONVERSION = YES;
				CLANG_WARN_OBJC_IMPLICIT_RETAIN_SELF = YES;
				CLANG_WARN_OBJC_LITERAL_CONVERSION = YES;
				CLANG_WARN_OBJC_ROOT_CLASS = YES_ERROR;
				CLANG_WARN_QUOTED_INCLUDE_IN_FRAMEWORK_HEADER = YES;
				CLANG_WARN_RANGE_LOOP_ANALYSIS = YES;
				CLANG_WARN_STRICT_PROTOTYPES = YES;
				CLANG_WARN_SUSPICIOUS_MOVE = YES;
				CLANG_WARN_UNGUARDED_AVAILABILITY = YES_AGGRESSIVE;
				CLANG_WARN_UNREACHABLE_CODE = YES;
				CLANG_WARN__DUPLICATE_METHOD_MATCH = YES;
				COPY_PHASE_STRIP = NO;
				DEBUG_INFORMATION_FORMAT = dwarf;
				ENABLE_STRICT_OBJC_MSGSEND = YES;
				ENABLE_TESTABILITY = YES;
				ENABLE_USER_SCRIPT_SANDBOXING = YES;
				GCC_C_LANGUAGE_STANDARD = gnu17;
				GCC_DYNAMIC_NO_PIC = NO;
				GCC_NO_COMMON_BLOCKS = YES;
				GCC_OPTIMIZATION_LEVEL = 0;
				GCC_PREPROCESSOR_DEFINITIONS = (
					"DEBUG=1",
					"$(inherited)",
				);
				GCC_WARN_64_TO_32_BIT_CONVERSION = YES;
				GCC_WARN_ABOUT_RETURN_TYPE = YES_ERROR;
				GCC_WARN_UNDECLARED_SELECTOR = YES;
				GCC_WARN_UNINITIALIZED_AUTOS = YES_AGGRESSIVE;
				GCC_WARN_UNUSED_FUNCTION = YES;
				GCC_WARN_UNUSED_VARIABLE = YES;
				IPHONEOS_DEPLOYMENT_TARGET = 17.5;
				LOCALIZATION_PREFERS_STRING_CATALOGS = YES;
				MTL_ENABLE_DEBUG_INFO = INCLUDE_SOURCE;
				MTL_FAST_MATH = YES;
				ONLY_ACTIVE_ARCH = YES;
				SDKROOT = iphoneos;
				SWIFT_ACTIVE_COMPILATION_CONDITIONS = "DEBUG $(inherited)";
				SWIFT_OPTIMIZATION_LEVEL = "-Onone";
			};
			name = Debug;
		};
		7A8ADC4D2C5A4766004A1A69 /* Release */ = {
			isa = XCBuildConfiguration;
			buildSettings = {
				ALWAYS_SEARCH_USER_PATHS = NO;
				ASSETCATALOG_COMPILER_GENERATE_SWIFT_ASSET_SYMBOL_EXTENSIONS = YES;
				CLANG_ANALYZER_NONNULL = YES;
				CLANG_ANALYZER_NUMBER_OBJECT_CONVERSION = YES_AGGRESSIVE;
				CLANG_CXX_LANGUAGE_STANDARD = "gnu++20";
				CLANG_ENABLE_MODULES = YES;
				CLANG_ENABLE_OBJC_ARC = YES;
				CLANG_ENABLE_OBJC_WEAK = YES;
				CLANG_WARN_BLOCK_CAPTURE_AUTORELEASING = YES;
				CLANG_WARN_BOOL_CONVERSION = YES;
				CLANG_WARN_COMMA = YES;
				CLANG_WARN_CONSTANT_CONVERSION = YES;
				CLANG_WARN_DEPRECATED_OBJC_IMPLEMENTATIONS = YES;
				CLANG_WARN_DIRECT_OBJC_ISA_USAGE = YES_ERROR;
				CLANG_WARN_DOCUMENTATION_COMMENTS = YES;
				CLANG_WARN_EMPTY_BODY = YES;
				CLANG_WARN_ENUM_CONVERSION = YES;
				CLANG_WARN_INFINITE_RECURSION = YES;
				CLANG_WARN_INT_CONVERSION = YES;
				CLANG_WARN_NON_LITERAL_NULL_CONVERSION = YES;
				CLANG_WARN_OBJC_IMPLICIT_RETAIN_SELF = YES;
				CLANG_WARN_OBJC_LITERAL_CONVERSION = YES;
				CLANG_WARN_OBJC_ROOT_CLASS = YES_ERROR;
				CLANG_WARN_QUOTED_INCLUDE_IN_FRAMEWORK_HEADER = YES;
				CLANG_WARN_RANGE_LOOP_ANALYSIS = YES;
				CLANG_WARN_STRICT_PROTOTYPES = YES;
				CLANG_WARN_SUSPICIOUS_MOVE = YES;
				CLANG_WARN_UNGUARDED_AVAILABILITY = YES_AGGRESSIVE;
				CLANG_WARN_UNREACHABLE_CODE = YES;
				CLANG_WARN__DUPLICATE_METHOD_MATCH = YES;
				COPY_PHASE_STRIP = NO;
				DEBUG_INFORMATION_FORMAT = "dwarf-with-dsym";
				ENABLE_NS_ASSERTIONS = NO;
				ENABLE_STRICT_OBJC_MSGSEND = YES;
				ENABLE_USER_SCRIPT_SANDBOXING = YES;
				GCC_C_LANGUAGE_STANDARD = gnu17;
				GCC_NO_COMMON_BLOCKS = YES;
				GCC_WARN_64_TO_32_BIT_CONVERSION = YES;
				GCC_WARN_ABOUT_RETURN_TYPE = YES_ERROR;
				GCC_WARN_UNDECLARED_SELECTOR = YES;
				GCC_WARN_UNINITIALIZED_AUTOS = YES_AGGRESSIVE;
				GCC_WARN_UNUSED_FUNCTION = YES;
				GCC_WARN_UNUSED_VARIABLE = YES;
				IPHONEOS_DEPLOYMENT_TARGET = 17.5;
				LOCALIZATION_PREFERS_STRING_CATALOGS = YES;
				MTL_ENABLE_DEBUG_INFO = NO;
				MTL_FAST_MATH = YES;
				SDKROOT = iphoneos;
				SWIFT_COMPILATION_MODE = wholemodule;
				VALIDATE_PRODUCT = YES;
			};
			name = Release;
		};
		7A8ADC4F2C5A4766004A1A69 /* Debug */ = {
			isa = XCBuildConfiguration;
			buildSettings = {
				ASSETCATALOG_COMPILER_APPICON_NAME = AppIcon;
				ASSETCATALOG_COMPILER_GLOBAL_ACCENT_COLOR_NAME = AccentColor;
				CODE_SIGN_STYLE = Automatic;
				CURRENT_PROJECT_VERSION = 1;
				DEVELOPMENT_ASSET_PATHS = "\"Juncook/Preview Content\"";
				DEVELOPMENT_TEAM = UMWAV3889L;
				ENABLE_PREVIEWS = YES;
				GENERATE_INFOPLIST_FILE = YES;
				INFOPLIST_KEY_NSCameraUsageDescription = "Camera is uese for capturing photos.";
				INFOPLIST_KEY_NSPhotoLibraryAddUsageDescription = "";
				INFOPLIST_KEY_NSPhotoLibraryUsageDescription = "Photo Library is use for photos";
				INFOPLIST_KEY_UIApplicationSceneManifest_Generation = YES;
				INFOPLIST_KEY_UIApplicationSupportsIndirectInputEvents = YES;
				INFOPLIST_KEY_UILaunchScreen_Generation = YES;
				INFOPLIST_KEY_UISupportedInterfaceOrientations_iPad = "UIInterfaceOrientationPortrait UIInterfaceOrientationPortraitUpsideDown UIInterfaceOrientationLandscapeLeft UIInterfaceOrientationLandscapeRight";
				INFOPLIST_KEY_UISupportedInterfaceOrientations_iPhone = "UIInterfaceOrientationPortrait UIInterfaceOrientationLandscapeLeft UIInterfaceOrientationLandscapeRight";
				LD_RUNPATH_SEARCH_PATHS = (
					"$(inherited)",
					"@executable_path/Frameworks",
				);
				MARKETING_VERSION = 1.0;
				PRODUCT_BUNDLE_IDENTIFIER = com.juncook.Juncook;
				PRODUCT_NAME = "$(TARGET_NAME)";
				SWIFT_EMIT_LOC_STRINGS = YES;
				SWIFT_VERSION = 5.0;
				TARGETED_DEVICE_FAMILY = "1,2";
			};
			name = Debug;
		};
		7A8ADC502C5A4766004A1A69 /* Release */ = {
			isa = XCBuildConfiguration;
			buildSettings = {
				ASSETCATALOG_COMPILER_APPICON_NAME = AppIcon;
				ASSETCATALOG_COMPILER_GLOBAL_ACCENT_COLOR_NAME = AccentColor;
				CODE_SIGN_STYLE = Automatic;
				CURRENT_PROJECT_VERSION = 1;
				DEVELOPMENT_ASSET_PATHS = "\"Juncook/Preview Content\"";
				DEVELOPMENT_TEAM = UMWAV3889L;
				ENABLE_PREVIEWS = YES;
				GENERATE_INFOPLIST_FILE = YES;
				INFOPLIST_KEY_NSCameraUsageDescription = "Camera is uese for capturing photos.";
				INFOPLIST_KEY_NSPhotoLibraryAddUsageDescription = "";
				INFOPLIST_KEY_NSPhotoLibraryUsageDescription = "Photo Library is use for photos";
				INFOPLIST_KEY_UIApplicationSceneManifest_Generation = YES;
				INFOPLIST_KEY_UIApplicationSupportsIndirectInputEvents = YES;
				INFOPLIST_KEY_UILaunchScreen_Generation = YES;
				INFOPLIST_KEY_UISupportedInterfaceOrientations_iPad = "UIInterfaceOrientationPortrait UIInterfaceOrientationPortraitUpsideDown UIInterfaceOrientationLandscapeLeft UIInterfaceOrientationLandscapeRight";
				INFOPLIST_KEY_UISupportedInterfaceOrientations_iPhone = "UIInterfaceOrientationPortrait UIInterfaceOrientationLandscapeLeft UIInterfaceOrientationLandscapeRight";
				LD_RUNPATH_SEARCH_PATHS = (
					"$(inherited)",
					"@executable_path/Frameworks",
				);
				MARKETING_VERSION = 1.0;
				PRODUCT_BUNDLE_IDENTIFIER = com.juncook.Juncook;
				PRODUCT_NAME = "$(TARGET_NAME)";
				SWIFT_EMIT_LOC_STRINGS = YES;
				SWIFT_VERSION = 5.0;
				TARGETED_DEVICE_FAMILY = "1,2";
			};
			name = Release;
		};
		7A8ADC522C5A4766004A1A69 /* Debug */ = {
			isa = XCBuildConfiguration;
			buildSettings = {
				ALWAYS_EMBED_SWIFT_STANDARD_LIBRARIES = YES;
				BUNDLE_LOADER = "$(TEST_HOST)";
				CODE_SIGN_STYLE = Automatic;
				CURRENT_PROJECT_VERSION = 1;
				DEVELOPMENT_TEAM = UMWAV3889L;
				GENERATE_INFOPLIST_FILE = YES;
				IPHONEOS_DEPLOYMENT_TARGET = 17.5;
				MARKETING_VERSION = 1.0;
				PRODUCT_BUNDLE_IDENTIFIER = com.juncook.JuncookTests;
				PRODUCT_NAME = "$(TARGET_NAME)";
				SWIFT_EMIT_LOC_STRINGS = NO;
				SWIFT_VERSION = 5.0;
				TARGETED_DEVICE_FAMILY = "1,2";
				TEST_HOST = "$(BUILT_PRODUCTS_DIR)/Juncook.app/$(BUNDLE_EXECUTABLE_FOLDER_PATH)/Juncook";
			};
			name = Debug;
		};
		7A8ADC532C5A4766004A1A69 /* Release */ = {
			isa = XCBuildConfiguration;
			buildSettings = {
				ALWAYS_EMBED_SWIFT_STANDARD_LIBRARIES = YES;
				BUNDLE_LOADER = "$(TEST_HOST)";
				CODE_SIGN_STYLE = Automatic;
				CURRENT_PROJECT_VERSION = 1;
				DEVELOPMENT_TEAM = UMWAV3889L;
				GENERATE_INFOPLIST_FILE = YES;
				IPHONEOS_DEPLOYMENT_TARGET = 17.5;
				MARKETING_VERSION = 1.0;
				PRODUCT_BUNDLE_IDENTIFIER = com.juncook.JuncookTests;
				PRODUCT_NAME = "$(TARGET_NAME)";
				SWIFT_EMIT_LOC_STRINGS = NO;
				SWIFT_VERSION = 5.0;
				TARGETED_DEVICE_FAMILY = "1,2";
				TEST_HOST = "$(BUILT_PRODUCTS_DIR)/Juncook.app/$(BUNDLE_EXECUTABLE_FOLDER_PATH)/Juncook";
			};
			name = Release;
		};
		7A8ADC552C5A4766004A1A69 /* Debug */ = {
			isa = XCBuildConfiguration;
			buildSettings = {
				ALWAYS_EMBED_SWIFT_STANDARD_LIBRARIES = YES;
				CODE_SIGN_STYLE = Automatic;
				CURRENT_PROJECT_VERSION = 1;
				DEVELOPMENT_TEAM = UMWAV3889L;
				GENERATE_INFOPLIST_FILE = YES;
				MARKETING_VERSION = 1.0;
				PRODUCT_BUNDLE_IDENTIFIER = com.juncook.JuncookUITests;
				PRODUCT_NAME = "$(TARGET_NAME)";
				SWIFT_EMIT_LOC_STRINGS = NO;
				SWIFT_VERSION = 5.0;
				TARGETED_DEVICE_FAMILY = "1,2";
				TEST_TARGET_NAME = Juncook;
			};
			name = Debug;
		};
		7A8ADC562C5A4766004A1A69 /* Release */ = {
			isa = XCBuildConfiguration;
			buildSettings = {
				ALWAYS_EMBED_SWIFT_STANDARD_LIBRARIES = YES;
				CODE_SIGN_STYLE = Automatic;
				CURRENT_PROJECT_VERSION = 1;
				DEVELOPMENT_TEAM = UMWAV3889L;
				GENERATE_INFOPLIST_FILE = YES;
				MARKETING_VERSION = 1.0;
				PRODUCT_BUNDLE_IDENTIFIER = com.juncook.JuncookUITests;
				PRODUCT_NAME = "$(TARGET_NAME)";
				SWIFT_EMIT_LOC_STRINGS = NO;
				SWIFT_VERSION = 5.0;
				TARGETED_DEVICE_FAMILY = "1,2";
				TEST_TARGET_NAME = Juncook;
			};
			name = Release;
		};
/* End XCBuildConfiguration section */

/* Begin XCConfigurationList section */
		7A8ADC252C5A4764004A1A69 /* Build configuration list for PBXProject "Juncook" */ = {
			isa = XCConfigurationList;
			buildConfigurations = (
				7A8ADC4C2C5A4766004A1A69 /* Debug */,
				7A8ADC4D2C5A4766004A1A69 /* Release */,
			);
			defaultConfigurationIsVisible = 0;
			defaultConfigurationName = Release;
		};
		7A8ADC4E2C5A4766004A1A69 /* Build configuration list for PBXNativeTarget "Juncook" */ = {
			isa = XCConfigurationList;
			buildConfigurations = (
				7A8ADC4F2C5A4766004A1A69 /* Debug */,
				7A8ADC502C5A4766004A1A69 /* Release */,
			);
			defaultConfigurationIsVisible = 0;
			defaultConfigurationName = Release;
		};
		7A8ADC512C5A4766004A1A69 /* Build configuration list for PBXNativeTarget "JuncookTests" */ = {
			isa = XCConfigurationList;
			buildConfigurations = (
				7A8ADC522C5A4766004A1A69 /* Debug */,
				7A8ADC532C5A4766004A1A69 /* Release */,
			);
			defaultConfigurationIsVisible = 0;
			defaultConfigurationName = Release;
		};
		7A8ADC542C5A4766004A1A69 /* Build configuration list for PBXNativeTarget "JuncookUITests" */ = {
			isa = XCConfigurationList;
			buildConfigurations = (
				7A8ADC552C5A4766004A1A69 /* Debug */,
				7A8ADC562C5A4766004A1A69 /* Release */,
			);
			defaultConfigurationIsVisible = 0;
			defaultConfigurationName = Release;
		};
/* End XCConfigurationList section */
	};
	rootObject = 7A8ADC222C5A4764004A1A69 /* Project object */;
}
